PODS:
  - Macaw (0.9.10):
    - SWXMLHash
  - SWXMLHash (7.0.0)

DEPENDENCIES:
  - Macaw (= 0.9.10)

SPEC REPOS:
  trunk:
    - Macaw
    - SWXMLHash

SPEC CHECKSUMS:
  Macaw: 7af8ea57aa2cab35b4a52a45e6f85eea753ea9ae
  SWXMLHash: cf8682ebf12f124e77554d6a5f9170830626d99e

PODFILE CHECKSUM: 6f90499d9ba16a283d171dedeb17ca68ce15b7c6

COCOAPODS: 1.11.3
